# This file was autogenerated by Stack.
# You should not edit this file by hand.
# For more information, please see the documentation at:
#   https://docs.haskellstack.org/en/stable/lock_files

packages:
- completed:
    hackage: brick-0.46@sha256:78629a4da6b759c78ec264bedc9e794edeb55a302d17015d0278620eef4ebe29,13852
    pantry-tree:
      size: 3752
      sha256: 1a8c529c82fd79070f4c48bdd34496a864c88130e8c07a766fa1111823f6866d
  original:
    hackage: brick-0.46@sha256:78629a4da6b759c78ec264bedc9e794edeb55a302d17015d0278620eef4ebe29,13852
- completed:
    hackage: tart-0.1.2@sha256:f2c3352fc634b55b905eeb33a8104193e8108cfb812ce4cc9ca22fd701cbb313,3225
    pantry-tree:
      size: 2798
      sha256: 3f3a6f85b86b6f31a6be0121f0c24de5f000ecd5c8603a2066722896f0ed6f2b
  original:
    hackage: tart-0.1.2@sha256:f2c3352fc634b55b905eeb33a8104193e8108cfb812ce4cc9ca22fd701cbb313,3225
- completed:
    size: 4448726
    url: https://github.com/Cj-bc/brick-shgif/archive/315dfb5fdf8e184385de622200c80ae6e68478df.tar.gz
    cabal-file:
      size: 3085
      sha256: 3eadd81566e11f0ca38e6396681463cb41c59c888ae3c7a4a74fce0f82c57337
    name: brick-shgif
    version: 1.1.3.1
    sha256: 8cfdb7753ea0bff5b250a356a111a8a7a71fe93a55dd8b77db2db16c059ec138
    pantry-tree:
      size: 1546
      sha256: 5f508b32c5985d4b6564c82b2765c0168ff8bde21aea627c1eca32d3b061daf1
  original:
    url: https://github.com/Cj-bc/brick-shgif/archive/315dfb5fdf8e184385de622200c80ae6e68478df.tar.gz
snapshots:
- completed:
    size: 524799
    url: https://raw.githubusercontent.com/commercialhaskell/stackage-snapshots/master/lts/14/17.yaml
    sha256: 1d72b33c0fc048e23f4f18fd76a6ad79dd1d8a3c054644098a71a09855e40c7c
  original: lts-14.17
