# This file was autogenerated by Stack.
# You should not edit this file by hand.
# For more information, please see the documentation at:
#   https://docs.haskellstack.org/en/stable/lock_files

snapshots:
- original: lts-18.0
  completed:
    url: https://raw.githubusercontent.com/commercialhaskell/stackage-snapshots/master/lts/18/0.yaml
    sha256: c632012da648385b9fa3c29f4e0afd56ead299f1c5528ee789058be410e883c0
    size: 585393
packages:
- original:
    url: https://github.com/jtdaugherty/tart/archive/6d8b08e88ed72158874ec10ae8537913d23cda54.tar.gz
  completed:
    pantry-tree:
      sha256: af9690d94ae9e652713a6136d1d6ee978c86412763930d5286bff1ba50ef6ffb
      size: 3246
    version: '0.3'
    name: tart
    url: https://github.com/jtdaugherty/tart/archive/6d8b08e88ed72158874ec10ae8537913d23cda54.tar.gz
    sha256: 826a72c59b4627050ae75b5dc6083423d6b317cad506b99477bec23b55607e2e
    size: 290876
