# This file was autogenerated by Stack.
# You should not edit this file by hand.
# For more information, please see the documentation at:
#   https://docs.haskellstack.org/en/stable/lock_files

packages:
- completed:
    hackage: brick-0.47@sha256:4936c50acfdf09620dad5217fb384fc0d59626f75abed8b48250b419ec2ab623,13852
    pantry-tree:
      size: 3752
      sha256: 22f91953437e5bfa806b7b89b56f8297ec7ff05d11d1a2328a75204d45bfa1a6
  original:
    hackage: brick-0.47@sha256:4936c50acfdf09620dad5217fb384fc0d59626f75abed8b48250b419ec2ab623,13852
- completed:
    hackage: container-1.1.6@sha256:95436896b18c970f8058f555a287909280e1e59c799dcc06ed4eedd51c95e88b,1751
    pantry-tree:
      size: 294
      sha256: 9d71fc172ac49f4369f5dd21695cf0830df8c07a6102d9ca0fc8c690175d6e5a
  original:
    hackage: container-1.1.6@sha256:95436896b18c970f8058f555a287909280e1e59c799dcc06ed4eedd51c95e88b,1751
- completed:
    hackage: config-ini-0.2.4.0@sha256:38a6d484d471c6fac81445de2eac8c4e8c82760962fca5491ae1c3bfca9c4047,3232
    pantry-tree:
      size: 886
      sha256: b608472507ec84e468f768acab36d8c85b46bcf918f2a60604fff46137160d2d
  original:
    hackage: config-ini-0.2.4.0@sha256:38a6d484d471c6fac81445de2eac8c4e8c82760962fca5491ae1c3bfca9c4047,3232
- completed:
    hackage: convert-1.5.1@sha256:ae5e236caa15a2aa30568ab1766a944d30d5a864253d1a4d595c3117b9b42efe,2362
    pantry-tree:
      size: 1448
      sha256: fa5bb2667f1e9d283b5594f9331882c66890860b2c77fb6e97a6a8114b82ea3d
  original:
    hackage: convert-1.5.1@sha256:ae5e236caa15a2aa30568ab1766a944d30d5a864253d1a4d595c3117b9b42efe,2362
- completed:
    hackage: data-clist-0.1.2.2@sha256:4d70add0a200a178853cd37c6469101bac3c36aebb3aa9c503ff225211b1a8c9,936
    pantry-tree:
      size: 219
      sha256: 1ebcc75682379366f03666c2de30d04ef49684b48bd4529afdc5bfa750b4af61
  original:
    hackage: data-clist-0.1.2.2@sha256:4d70add0a200a178853cd37c6469101bac3c36aebb3aa9c503ff225211b1a8c9,936
- completed:
    hackage: text-zipper-0.10.1@sha256:8b73a97a3717a17df9b0a722b178950c476ff2268ca5c583e99d010c94af849e,1471
    pantry-tree:
      size: 600
      sha256: ebd5f0e2fc8c59b1bde6706cef1fdb012d52bb26b3953a97a4fa6502f56cdd65
  original:
    hackage: text-zipper-0.10.1@sha256:8b73a97a3717a17df9b0a722b178950c476ff2268ca5c583e99d010c94af849e,1471
- completed:
    hackage: word-wrap-0.4.1@sha256:f72233b383ef569c557bfd9812cbb8e306c415ce509082c0bd15ee51c0239ccc,1606
    pantry-tree:
      size: 423
      sha256: dcf5071895ee477e60e3c9de1e30eb711e11e9a7335db160616f80baeb20ad71
  original:
    hackage: word-wrap-0.4.1@sha256:f72233b383ef569c557bfd9812cbb8e306c415ce509082c0bd15ee51c0239ccc,1606
- completed:
    hackage: impossible-1.1.4@sha256:99009328a5c0c0eebd395c89504c8618480018deac57dde8e0380358e1c86603,1871
    pantry-tree:
      size: 172
      sha256: 81ced877bc5a3a9d7181d8688517aa324b5055f8efc0376150f3072e7157d1ed
  original:
    hackage: impossible-1.1.4@sha256:99009328a5c0c0eebd395c89504c8618480018deac57dde8e0380358e1c86603,1871
snapshots:
- completed:
    size: 499889
    url: https://raw.githubusercontent.com/commercialhaskell/stackage-snapshots/master/lts/13/26.yaml
    sha256: ecb02ee16829df8d7219e7d7fe6c310819820bf335b0b9534bce84d3ea896684
  original: lts-13.26
