# This file was autogenerated by Stack.
# You should not edit this file by hand.
# For more information, please see the documentation at:
#   https://docs.haskellstack.org/en/stable/lock_files

packages:
- completed:
    hackage: brick-0.46@sha256:78629a4da6b759c78ec264bedc9e794edeb55a302d17015d0278620eef4ebe29,13852
    pantry-tree:
      size: 3752
      sha256: 1a8c529c82fd79070f4c48bdd34496a864c88130e8c07a766fa1111823f6866d
  original:
    hackage: brick-0.46@sha256:78629a4da6b759c78ec264bedc9e794edeb55a302d17015d0278620eef4ebe29,13852
- completed:
    hackage: tart-0.1.2@sha256:f2c3352fc634b55b905eeb33a8104193e8108cfb812ce4cc9ca22fd701cbb313,3225
    pantry-tree:
      size: 2798
      sha256: 3f3a6f85b86b6f31a6be0121f0c24de5f000ecd5c8603a2066722896f0ed6f2b
  original:
    hackage: tart-0.1.2@sha256:f2c3352fc634b55b905eeb33a8104193e8108cfb812ce4cc9ca22fd701cbb313,3225
- completed:
    size: 4453692
    url: https://github.com/Cj-bc/brick-shgif/archive/2bee8d5496d3b053b4b44874f962f8553a1262cf.tar.gz
    cabal-file:
      size: 1966
      sha256: 1969d3a23c999fe1c78b52ade6424f1872e7f7ac9ddd50f14196c1294c7c8a97
    name: brick-shgif
    version: 1.2.0.0
    sha256: 6500a142ab0ee7f184b522575363d3659f59536564cf3ddd6e701c0f8d540b1f
    pantry-tree:
      size: 1663
      sha256: 12812e1a49041730c68f645c15fe40d9c05df2b81b0162f9da4c705450a9346c
  original:
    url: https://github.com/Cj-bc/brick-shgif/archive/2bee8d5496d3b053b4b44874f962f8553a1262cf.tar.gz
snapshots:
- completed:
    size: 524799
    url: https://raw.githubusercontent.com/commercialhaskell/stackage-snapshots/master/lts/14/17.yaml
    sha256: 1d72b33c0fc048e23f4f18fd76a6ad79dd1d8a3c054644098a71a09855e40c7c
  original: lts-14.17
