# This file was autogenerated by Stack.
# You should not edit this file by hand.
# For more information, please see the documentation at:
#   https://docs.haskellstack.org/en/stable/lock_files

packages:
- completed:
    hackage: brick-0.46@sha256:78629a4da6b759c78ec264bedc9e794edeb55a302d17015d0278620eef4ebe29,13852
    pantry-tree:
      size: 3752
      sha256: 1a8c529c82fd79070f4c48bdd34496a864c88130e8c07a766fa1111823f6866d
  original:
    hackage: brick-0.46@sha256:78629a4da6b759c78ec264bedc9e794edeb55a302d17015d0278620eef4ebe29,13852
- completed:
    hackage: tart-0.1.2@sha256:f2c3352fc634b55b905eeb33a8104193e8108cfb812ce4cc9ca22fd701cbb313,3225
    pantry-tree:
      size: 2798
      sha256: 3f3a6f85b86b6f31a6be0121f0c24de5f000ecd5c8603a2066722896f0ed6f2b
  original:
    hackage: tart-0.1.2@sha256:f2c3352fc634b55b905eeb33a8104193e8108cfb812ce4cc9ca22fd701cbb313,3225
- completed:
    size: 4453842
    url: https://github.com/Cj-bc/brick-shgif/archive/f697bf5c95c053564322f9144e3427b204f6906e.tar.gz
    cabal-file:
      size: 1966
      sha256: 5737cea51fb5c7f9e807f6abdc4a1ceba1bd7a61ab738ccdad910f3d68a24f2f
    name: brick-shgif
    version: 1.3.0.0
    sha256: 4f376e9a33e6bf504f363b84dc11d1bb460de5f37bdf7aae2e45be563ab4bf57
    pantry-tree:
      size: 1663
      sha256: 677ec14ab487a36b25313f41871db9d275ce173aef03714b89869e4f67bc6661
  original:
    url: https://github.com/Cj-bc/brick-shgif/archive/f697bf5c95c053564322f9144e3427b204f6906e.tar.gz
snapshots:
- completed:
    size: 524799
    url: https://raw.githubusercontent.com/commercialhaskell/stackage-snapshots/master/lts/14/17.yaml
    sha256: 1d72b33c0fc048e23f4f18fd76a6ad79dd1d8a3c054644098a71a09855e40c7c
  original: lts-14.17
