# This file was autogenerated by Stack.
# You should not edit this file by hand.
# For more information, please see the documentation at:
#   https://docs.haskellstack.org/en/stable/lock_files

packages:
- completed:
    hackage: brick-0.46@sha256:78629a4da6b759c78ec264bedc9e794edeb55a302d17015d0278620eef4ebe29,13852
    pantry-tree:
      size: 3752
      sha256: 1a8c529c82fd79070f4c48bdd34496a864c88130e8c07a766fa1111823f6866d
  original:
    hackage: brick-0.46@sha256:78629a4da6b759c78ec264bedc9e794edeb55a302d17015d0278620eef4ebe29,13852
- completed:
    hackage: tart-0.1.2@sha256:f2c3352fc634b55b905eeb33a8104193e8108cfb812ce4cc9ca22fd701cbb313,3225
    pantry-tree:
      size: 2798
      sha256: 3f3a6f85b86b6f31a6be0121f0c24de5f000ecd5c8603a2066722896f0ed6f2b
  original:
    hackage: tart-0.1.2@sha256:f2c3352fc634b55b905eeb33a8104193e8108cfb812ce4cc9ca22fd701cbb313,3225
- completed:
    size: 4447647
    url: https://github.com/Cj-bc/brick-shgif/archive/4138987d459070f9290c4c70699c2b7b94767f53.tar.gz
    cabal-file:
      size: 2327
      sha256: 9d796c2a1f2ff1cf1caddfce06349c204441e503ec5dbf0c7cb85300dcc4794a
    name: brick-shgif
    version: 1.1.0.0
    sha256: d077148b12055bd3b1e6e1e101ee0e6fc42f9f7231e0107a7cf461bbdcb03d59
    pantry-tree:
      size: 1426
      sha256: 0599b34cec610f993a513fe6b31431fc56a026f5390321d7a5cdab19cf28812a
  original:
    url: https://github.com/Cj-bc/brick-shgif/archive/4138987d459070f9290c4c70699c2b7b94767f53.tar.gz
snapshots:
- completed:
    size: 524799
    url: https://raw.githubusercontent.com/commercialhaskell/stackage-snapshots/master/lts/14/17.yaml
    sha256: 1d72b33c0fc048e23f4f18fd76a6ad79dd1d8a3c054644098a71a09855e40c7c
  original: lts-14.17
