# This file was autogenerated by Stack.
# You should not edit this file by hand.
# For more information, please see the documentation at:
#   https://docs.haskellstack.org/en/stable/lock_files

snapshots: []
packages:
- original:
    hackage: GLUT-2.7.0.16@sha256:a7da60bef0d06eb501a2abd0d5068a89fa2c2daf5fee4b607df62395543ba6b0,24054
  completed:
    pantry-tree:
      sha256: 31d1c5020333d3f38db96d88e2a229da7f73ef95174be286a67a09525f9aefd9
      size: 9538
    hackage: GLUT-2.7.0.16@sha256:a7da60bef0d06eb501a2abd0d5068a89fa2c2daf5fee4b607df62395543ba6b0,24054
- original:
    hackage: OpenGL-3.0.3.0@sha256:811cf7cf2f325bde04efb021ef9b6a86a3b7383583f4bc6471b7a66c56ae889c,7985
  completed:
    pantry-tree:
      sha256: 1e7768ac1d08d7bacfd7777de99bf23021504c89b76e910ac79d0d12bf4aad12
      size: 11166
    hackage: OpenGL-3.0.3.0@sha256:811cf7cf2f325bde04efb021ef9b6a86a3b7383583f4bc6471b7a66c56ae889c,7985
- original:
    hackage: StateVar-1.2.2@sha256:3c022c00485fe165e3080d5da6b3ca9c9b02f62c5deebc584d1b3d1309ce673e,1673
  completed:
    pantry-tree:
      sha256: 204cac98219e99334f47b12c565945611748ea03a4d629273dd697d738bcfd7f
      size: 314
    hackage: StateVar-1.2.2@sha256:3c022c00485fe165e3080d5da6b3ca9c9b02f62c5deebc584d1b3d1309ce673e,1673
- original:
    hackage: GLURaw-2.0.0.4@sha256:4cf1d891f1960a941ff315eae8e229cfd6e36fc793d6546d837e866d9de13f8d,2378
  completed:
    pantry-tree:
      sha256: 7c1df3644b96a8b3f91c935521e5e7ab578b14135324a807eb54acd0bce957b9
      size: 712
    hackage: GLURaw-2.0.0.4@sha256:4cf1d891f1960a941ff315eae8e229cfd6e36fc793d6546d837e866d9de13f8d,2378
- original:
    hackage: ObjectName-1.1.0.1@sha256:de422b3691ffa4fee0112c750fccc3d2edcab6aa876a0ad71c364f1200f43b52,976
  completed:
    pantry-tree:
      sha256: d2b1af158e141393d23ce143b8cc2255a62da9af11b08f83d9583a814f0a15ba
      size: 264
    hackage: ObjectName-1.1.0.1@sha256:de422b3691ffa4fee0112c750fccc3d2edcab6aa876a0ad71c364f1200f43b52,976
- original:
    hackage: OpenGLRaw-3.3.4.0@sha256:26685d56510ea0332cd8657c5d035c5b48a743725a512e561365ce072e60d27c,25510
  completed:
    pantry-tree:
      sha256: a7fd7cc558224c64bf7051a2027ae8bb517cbb5a79a43c37e3fac01e5f6c2aca
      size: 48782
    hackage: OpenGLRaw-3.3.4.0@sha256:26685d56510ea0332cd8657c5d035c5b48a743725a512e561365ce072e60d27c,25510
- original:
    hackage: fixed-0.3@sha256:f76bb14011911bdd9d71ecc16ffc8000821adfefdd48b38f952b2484900f37f6,868
  completed:
    pantry-tree:
      sha256: 6ab63adf4af4b898400af30d98bc31669c8509c20067ccd04831264991bc78b2
      size: 426
    hackage: fixed-0.3@sha256:f76bb14011911bdd9d71ecc16ffc8000821adfefdd48b38f952b2484900f37f6,868
- original:
    hackage: half-0.3.1@sha256:5aabf5325762b2d6335b9e3f88602431af2b954e14b058bea3e93168a8e0eb53,2058
  completed:
    pantry-tree:
      sha256: e44f2e2dba15466712f8a5c523bdccb2e6c7e70506a23e6d45766f82fcbbd4b0
      size: 502
    hackage: half-0.3.1@sha256:5aabf5325762b2d6335b9e3f88602431af2b954e14b058bea3e93168a8e0eb53,2058
